
Microsoft Visual Studio Solution File, Format Version 12.00
# Visual Studio Version 16
VisualStudioVersion = 16.0.34031.81
MinimumVisualStudioVersion = 10.0.40219.1
Project("{FAE04EC0-301F-11D3-BF4B-00C04F79EFBC}") = "KonchaVadym_SoapService", "KonchaVadym_SoapService\KonchaVadym_SoapService.csproj", "{98D32EE4-A443-41D9-8910-4A49304BEA46}"
EndProject
Global
	GlobalSection(SolutionConfigurationPlatforms) = preSolution
		Debug|Any CPU = Debug|Any CPU
		Release|Any CPU = Release|Any CPU
	EndGlobalSection
	GlobalSection(ProjectConfigurationPlatforms) = postSolution
		{98D32EE4-A443-41D9-8910-4A49304BEA46}.Debug|Any CPU.ActiveCfg = Debug|Any CPU
		{98D32EE4-A443-41D9-8910-4A49304BEA46}.Debug|Any CPU.Build.0 = Debug|Any CPU
		{98D32EE4-A443-41D9-8910-4A49304BEA46}.Release|Any CPU.ActiveCfg = Release|Any CPU
		{98D32EE4-A443-41D9-8910-4A49304BEA46}.Release|Any CPU.Build.0 = Release|Any CPU
	EndGlobalSection
	GlobalSection(SolutionProperties) = preSolution
		HideSolutionNode = FALSE
	EndGlobalSection
	GlobalSection(ExtensibilityGlobals) = postSolution
		SolutionGuid = {A18715D9-6327-4327-9209-A01EABBA9EE2}
	EndGlobalSection
EndGlobal
